
Microsoft Visual Studio Solution File, Format Version 12.00
# Visual Studio 15
VisualStudioVersion = 15.0.26430.14
MinimumVisualStudioVersion = 10.0.40219.1
Project("{FAE04EC0-301F-11D3-BF4B-00C04F79EFBC}") = "LibraryHBSIS", "LibraryHBSIS\LibraryHBSIS.csproj", "{A5BC6BA0-014D-4F6E-8959-116A556E52C8}"
EndProject
Project("{FAE04EC0-301F-11D3-BF4B-00C04F79EFBC}") = "LibraryHBSIS.Tests", "LibraryHBSIS.Tests\LibraryHBSIS.Tests.csproj", "{88573712-BC18-407B-B378-1AFE7B14258A}"
EndProject
Project("{FAE04EC0-301F-11D3-BF4B-00C04F79EFBC}") = "LibraryHBSIS.Entities", "LibraryHBSIS.Entities\LibraryHBSIS.Entities.csproj", "{D8E9B703-D39B-45C0-9EAA-2649D9724A80}"
EndProject
Project("{FAE04EC0-301F-11D3-BF4B-00C04F79EFBC}") = "LibraryHBSIS.DataAccess", "LibraryHBSIS.DataAccess\LibraryHBSIS.DataAccess.csproj", "{FE6092EF-FCC6-4934-B3B7-8FA6EAD23668}"
EndProject
Project("{FAE04EC0-301F-11D3-BF4B-00C04F79EFBC}") = "LibraryHBSIS.Business", "LibraryHBSIS.Business\LibraryHBSIS.Business.csproj", "{28ADD89D-A8AA-4C61-B3ED-ED7C0012C00F}"
EndProject
Global
	GlobalSection(SolutionConfigurationPlatforms) = preSolution
		Debug|Any CPU = Debug|Any CPU
		Release|Any CPU = Release|Any CPU
	EndGlobalSection
	GlobalSection(ProjectConfigurationPlatforms) = postSolution
		{A5BC6BA0-014D-4F6E-8959-116A556E52C8}.Debug|Any CPU.ActiveCfg = Debug|Any CPU
		{A5BC6BA0-014D-4F6E-8959-116A556E52C8}.Debug|Any CPU.Build.0 = Debug|Any CPU
		{A5BC6BA0-014D-4F6E-8959-116A556E52C8}.Release|Any CPU.ActiveCfg = Release|Any CPU
		{A5BC6BA0-014D-4F6E-8959-116A556E52C8}.Release|Any CPU.Build.0 = Release|Any CPU
		{88573712-BC18-407B-B378-1AFE7B14258A}.Debug|Any CPU.ActiveCfg = Debug|Any CPU
		{88573712-BC18-407B-B378-1AFE7B14258A}.Debug|Any CPU.Build.0 = Debug|Any CPU
		{88573712-BC18-407B-B378-1AFE7B14258A}.Release|Any CPU.ActiveCfg = Release|Any CPU
		{88573712-BC18-407B-B378-1AFE7B14258A}.Release|Any CPU.Build.0 = Release|Any CPU
		{D8E9B703-D39B-45C0-9EAA-2649D9724A80}.Debug|Any CPU.ActiveCfg = Debug|Any CPU
		{D8E9B703-D39B-45C0-9EAA-2649D9724A80}.Debug|Any CPU.Build.0 = Debug|Any CPU
		{D8E9B703-D39B-45C0-9EAA-2649D9724A80}.Release|Any CPU.ActiveCfg = Release|Any CPU
		{D8E9B703-D39B-45C0-9EAA-2649D9724A80}.Release|Any CPU.Build.0 = Release|Any CPU
		{FE6092EF-FCC6-4934-B3B7-8FA6EAD23668}.Debug|Any CPU.ActiveCfg = Debug|Any CPU
		{FE6092EF-FCC6-4934-B3B7-8FA6EAD23668}.Debug|Any CPU.Build.0 = Debug|Any CPU
		{FE6092EF-FCC6-4934-B3B7-8FA6EAD23668}.Release|Any CPU.ActiveCfg = Release|Any CPU
		{FE6092EF-FCC6-4934-B3B7-8FA6EAD23668}.Release|Any CPU.Build.0 = Release|Any CPU
		{28ADD89D-A8AA-4C61-B3ED-ED7C0012C00F}.Debug|Any CPU.ActiveCfg = Debug|Any CPU
		{28ADD89D-A8AA-4C61-B3ED-ED7C0012C00F}.Debug|Any CPU.Build.0 = Debug|Any CPU
		{28ADD89D-A8AA-4C61-B3ED-ED7C0012C00F}.Release|Any CPU.ActiveCfg = Release|Any CPU
		{28ADD89D-A8AA-4C61-B3ED-ED7C0012C00F}.Release|Any CPU.Build.0 = Release|Any CPU
	EndGlobalSection
	GlobalSection(SolutionProperties) = preSolution
		HideSolutionNode = FALSE
	EndGlobalSection
EndGlobal
